
Microsoft Visual Studio Solution File, Format Version 12.00
# Visual Studio 2013
VisualStudioVersion = 12.0.31101.0
MinimumVisualStudioVersion = 10.0.40219.1
Project("{2150E333-8FDC-42A3-9474-1A3956D46DE8}") = ".nuget", ".nuget", "{A2378CA4-AD36-479D-8DD9-A527886BBEC1}"
	ProjectSection(SolutionItems) = preProject
		.nuget\NuGet.Config = .nuget\NuGet.Config
		.nuget\NuGet.exe = .nuget\NuGet.exe
		.nuget\NuGet.targets = .nuget\NuGet.targets
	EndProjectSection
EndProject
Project("{FAE04EC0-301F-11D3-BF4B-00C04F79EFBC}") = "Xania.AspNet.Simulator", "Xania.AspNet.Simulator\Xania.AspNet.Simulator.csproj", "{5C5BA4C8-3656-4159-8A0A-C3E6C60AB390}"
EndProject
Project("{FAE04EC0-301F-11D3-BF4B-00C04F79EFBC}") = "Xania.AspNet.Simulator.Tests", "Xania.AspNet.Simulator.Tests\Xania.AspNet.Simulator.Tests.csproj", "{A61AF6C1-DDE2-4B1F-83DF-C1D7666C457E}"
EndProject
Project("{FAE04EC0-301F-11D3-BF4B-00C04F79EFBC}") = "Xania.AspNet.TagHelpers", "Xania.AspNet.TagHelpers\Xania.AspNet.TagHelpers.csproj", "{8A83D298-B233-4F05-BBD3-DAFA018A14A1}"
EndProject
Project("{FAE04EC0-301F-11D3-BF4B-00C04F79EFBC}") = "Xania.AspNet.TagHelpers.Tests", "Xania.AspNet.TagHelpers.Tests\Xania.AspNet.TagHelpers.Tests.csproj", "{FDAF5A31-8117-4A01-ABE2-69B6362086C4}"
EndProject
Project("{2150E333-8FDC-42A3-9474-1A3956D46DE8}") = "Tests", "Tests", "{3FC8FA3B-0EE8-413C-9840-7F2108306AAB}"
EndProject
Global
	GlobalSection(SolutionConfigurationPlatforms) = preSolution
		Debug|Any CPU = Debug|Any CPU
		Release|Any CPU = Release|Any CPU
	EndGlobalSection
	GlobalSection(ProjectConfigurationPlatforms) = postSolution
		{5C5BA4C8-3656-4159-8A0A-C3E6C60AB390}.Debug|Any CPU.ActiveCfg = Debug|Any CPU
		{5C5BA4C8-3656-4159-8A0A-C3E6C60AB390}.Debug|Any CPU.Build.0 = Debug|Any CPU
		{5C5BA4C8-3656-4159-8A0A-C3E6C60AB390}.Release|Any CPU.ActiveCfg = Release|Any CPU
		{5C5BA4C8-3656-4159-8A0A-C3E6C60AB390}.Release|Any CPU.Build.0 = Release|Any CPU
		{A61AF6C1-DDE2-4B1F-83DF-C1D7666C457E}.Debug|Any CPU.ActiveCfg = Debug|Any CPU
		{A61AF6C1-DDE2-4B1F-83DF-C1D7666C457E}.Debug|Any CPU.Build.0 = Debug|Any CPU
		{A61AF6C1-DDE2-4B1F-83DF-C1D7666C457E}.Release|Any CPU.ActiveCfg = Release|Any CPU
		{A61AF6C1-DDE2-4B1F-83DF-C1D7666C457E}.Release|Any CPU.Build.0 = Release|Any CPU
		{8A83D298-B233-4F05-BBD3-DAFA018A14A1}.Debug|Any CPU.ActiveCfg = Debug|Any CPU
		{8A83D298-B233-4F05-BBD3-DAFA018A14A1}.Debug|Any CPU.Build.0 = Debug|Any CPU
		{8A83D298-B233-4F05-BBD3-DAFA018A14A1}.Release|Any CPU.ActiveCfg = Release|Any CPU
		{8A83D298-B233-4F05-BBD3-DAFA018A14A1}.Release|Any CPU.Build.0 = Release|Any CPU
		{FDAF5A31-8117-4A01-ABE2-69B6362086C4}.Debug|Any CPU.ActiveCfg = Debug|Any CPU
		{FDAF5A31-8117-4A01-ABE2-69B6362086C4}.Debug|Any CPU.Build.0 = Debug|Any CPU
		{FDAF5A31-8117-4A01-ABE2-69B6362086C4}.Release|Any CPU.ActiveCfg = Release|Any CPU
		{FDAF5A31-8117-4A01-ABE2-69B6362086C4}.Release|Any CPU.Build.0 = Release|Any CPU
	EndGlobalSection
	GlobalSection(SolutionProperties) = preSolution
		HideSolutionNode = FALSE
	EndGlobalSection
	GlobalSection(NestedProjects) = preSolution
		{A61AF6C1-DDE2-4B1F-83DF-C1D7666C457E} = {3FC8FA3B-0EE8-413C-9840-7F2108306AAB}
		{FDAF5A31-8117-4A01-ABE2-69B6362086C4} = {3FC8FA3B-0EE8-413C-9840-7F2108306AAB}
	EndGlobalSection
EndGlobal
